
Microsoft Visual Studio Solution File, Format Version 12.00
# Visual Studio Version 16
VisualStudioVersion = 16.0.32106.194
MinimumVisualStudioVersion = 10.0.40219.1
Project("{FAE04EC0-301F-11D3-BF4B-00C04F79EFBC}") = "Ejercicio2_4_Video.Android", "Ejercicio2_4_Video\Ejercicio2_4_Video.Android\Ejercicio2_4_Video.Android.csproj", "{8EC505BE-C088-4F0A-9968-A38A14516886}"
EndProject
Project("{FAE04EC0-301F-11D3-BF4B-00C04F79EFBC}") = "Ejercicio2_4_Video", "Ejercicio2_4_Video\Ejercicio2_4_Video\Ejercicio2_4_Video.csproj", "{C977F65D-D70F-476E-9696-DED9127BF6F4}"
EndProject
Global
	GlobalSection(SolutionConfigurationPlatforms) = preSolution
		Debug|Any CPU = Debug|Any CPU
		Release|Any CPU = Release|Any CPU
	EndGlobalSection
	GlobalSection(ProjectConfigurationPlatforms) = postSolution
		{8EC505BE-C088-4F0A-9968-A38A14516886}.Debug|Any CPU.ActiveCfg = Debug|Any CPU
		{8EC505BE-C088-4F0A-9968-A38A14516886}.Debug|Any CPU.Build.0 = Debug|Any CPU
		{8EC505BE-C088-4F0A-9968-A38A14516886}.Debug|Any CPU.Deploy.0 = Debug|Any CPU
		{8EC505BE-C088-4F0A-9968-A38A14516886}.Release|Any CPU.ActiveCfg = Release|Any CPU
		{8EC505BE-C088-4F0A-9968-A38A14516886}.Release|Any CPU.Build.0 = Release|Any CPU
		{8EC505BE-C088-4F0A-9968-A38A14516886}.Release|Any CPU.Deploy.0 = Release|Any CPU
		{C977F65D-D70F-476E-9696-DED9127BF6F4}.Debug|Any CPU.ActiveCfg = Debug|Any CPU
		{C977F65D-D70F-476E-9696-DED9127BF6F4}.Debug|Any CPU.Build.0 = Debug|Any CPU
		{C977F65D-D70F-476E-9696-DED9127BF6F4}.Debug|Any CPU.Deploy.0 = Debug|Any CPU
		{C977F65D-D70F-476E-9696-DED9127BF6F4}.Release|Any CPU.ActiveCfg = Release|Any CPU
		{C977F65D-D70F-476E-9696-DED9127BF6F4}.Release|Any CPU.Build.0 = Release|Any CPU
		{C977F65D-D70F-476E-9696-DED9127BF6F4}.Release|Any CPU.Deploy.0 = Release|Any CPU
	EndGlobalSection
	GlobalSection(SolutionProperties) = preSolution
		HideSolutionNode = FALSE
	EndGlobalSection
	GlobalSection(ExtensibilityGlobals) = postSolution
		SolutionGuid = {926A7F75-263E-48FE-B6BB-71B0B0014380}
	EndGlobalSection
EndGlobal
